// !$*UTF8*$!
{
	archiveVersion = 1;
	classes = {
	};
	objectVersion = 51;
	objects = {

/* Begin PBXBuildFile section */
		95FBF586A61F1B9383D36F88 /* Pods_5000choyen_gen_5000choyen_genUITests.framework in Frameworks */ = {isa = PBXBuildFile; fileRef = 5E400F8BD24E13CA0141901F /* Pods_5000choyen_gen_5000choyen_genUITests.framework */; };
		9AADB2F326170CD3002457EE /* AppDelegate.swift in Sources */ = {isa = PBXBuildFile; fileRef = 9AADB2F226170CD3002457EE /* AppDelegate.swift */; };
		9AADB2F526170CD3002457EE /* SceneDelegate.swift in Sources */ = {isa = PBXBuildFile; fileRef = 9AADB2F426170CD3002457EE /* SceneDelegate.swift */; };
		9AADB2F726170CD4002457EE /* ViewController.swift in Sources */ = {isa = PBXBuildFile; fileRef = 9AADB2F626170CD4002457EE /* ViewController.swift */; };
		9AADB2FA26170CD4002457EE /* Main.storyboard in Resources */ = {isa = PBXBuildFile; fileRef = 9AADB2F826170CD4002457EE /* Main.storyboard */; };
		9AADB2FC26170CD9002457EE /* Assets.xcassets in Resources */ = {isa = PBXBuildFile; fileRef = 9AADB2FB26170CD9002457EE /* Assets.xcassets */; };
		9AADB2FF26170CDA002457EE /* LaunchScreen.storyboard in Resources */ = {isa = PBXBuildFile; fileRef = 9AADB2FD26170CDA002457EE /* LaunchScreen.storyboard */; };
		9AADB30A26170CDA002457EE /* _000choyen_genTests.swift in Sources */ = {isa = PBXBuildFile; fileRef = 9AADB30926170CDA002457EE /* _000choyen_genTests.swift */; };
		9AADB31526170CDA002457EE /* _000choyen_genUITests.swift in Sources */ = {isa = PBXBuildFile; fileRef = 9AADB31426170CDA002457EE /* _000choyen_genUITests.swift */; };
		9ADF425B2619BEB90090FA13 /* aboutappViewController.swift in Sources */ = {isa = PBXBuildFile; fileRef = 9ADF425A2619BEB90090FA13 /* aboutappViewController.swift */; };
		ADEDC61C284CB2E200A1F858 /* Pods_5000choyen_gen.framework in Frameworks */ = {isa = PBXBuildFile; fileRef = 5598F5CEB5BE0C19046B9325 /* Pods_5000choyen_gen.framework */; };
		F4827BBFC4A5706230E0EDC6 /* Pods_5000choyen_genTests.framework in Frameworks */ = {isa = PBXBuildFile; fileRef = 62C01893C0EFCD8BB9146E10 /* Pods_5000choyen_genTests.framework */; };
/* End PBXBuildFile section */

/* Begin PBXContainerItemProxy section */
		9AADB30626170CDA002457EE /* PBXContainerItemProxy */ = {
			isa = PBXContainerItemProxy;
			containerPortal = 9AADB2E726170CD3002457EE /* Project object */;
			proxyType = 1;
			remoteGlobalIDString = 9AADB2EE26170CD3002457EE;
			remoteInfo = "5000choyen-gen";
		};
		9AADB31126170CDA002457EE /* PBXContainerItemProxy */ = {
			isa = PBXContainerItemProxy;
			containerPortal = 9AADB2E726170CD3002457EE /* Project object */;
			proxyType = 1;
			remoteGlobalIDString = 9AADB2EE26170CD3002457EE;
			remoteInfo = "5000choyen-gen";
		};
/* End PBXContainerItemProxy section */

/* Begin PBXFileReference section */
		0D2D10F4E8BC2E0DEC3DF1DC /* Pods-5000choyen-gen-5000choyen-genUITests.release.xcconfig */ = {isa = PBXFileReference; includeInIndex = 1; lastKnownFileType = text.xcconfig; name = "Pods-5000choyen-gen-5000choyen-genUITests.release.xcconfig"; path = "Target Support Files/Pods-5000choyen-gen-5000choyen-genUITests/Pods-5000choyen-gen-5000choyen-genUITests.release.xcconfig"; sourceTree = "<group>"; };
		5598F5CEB5BE0C19046B9325 /* Pods_5000choyen_gen.framework */ = {isa = PBXFileReference; explicitFileType = wrapper.framework; includeInIndex = 0; path = Pods_5000choyen_gen.framework; sourceTree = BUILT_PRODUCTS_DIR; };
		5E400F8BD24E13CA0141901F /* Pods_5000choyen_gen_5000choyen_genUITests.framework */ = {isa = PBXFileReference; explicitFileType = wrapper.framework; includeInIndex = 0; path = Pods_5000choyen_gen_5000choyen_genUITests.framework; sourceTree = BUILT_PRODUCTS_DIR; };
		62C01893C0EFCD8BB9146E10 /* Pods_5000choyen_genTests.framework */ = {isa = PBXFileReference; explicitFileType = wrapper.framework; includeInIndex = 0; path = Pods_5000choyen_genTests.framework; sourceTree = BUILT_PRODUCTS_DIR; };
		63B91EDFA2BE47294C27F0B8 /* Pods-5000choyen-gen.release.xcconfig */ = {isa = PBXFileReference; includeInIndex = 1; lastKnownFileType = text.xcconfig; name = "Pods-5000choyen-gen.release.xcconfig"; path = "Target Support Files/Pods-5000choyen-gen/Pods-5000choyen-gen.release.xcconfig"; sourceTree = "<group>"; };
		6E257577E9BA8FD246E0BE2F /* Pods-5000choyen-gen-5000choyen-genUITests.debug.xcconfig */ = {isa = PBXFileReference; includeInIndex = 1; lastKnownFileType = text.xcconfig; name = "Pods-5000choyen-gen-5000choyen-genUITests.debug.xcconfig"; path = "Target Support Files/Pods-5000choyen-gen-5000choyen-genUITests/Pods-5000choyen-gen-5000choyen-genUITests.debug.xcconfig"; sourceTree = "<group>"; };
		9A41F70826E3748F00BCE0EF /* FTLinearActivityIndicator.framework */ = {isa = PBXFileReference; explicitFileType = wrapper.framework; path = FTLinearActivityIndicator.framework; sourceTree = BUILT_PRODUCTS_DIR; };
		9A9EB4C7261DAAB5002CD067 /* ja */ = {isa = PBXFileReference; lastKnownFileType = text.plist.strings; name = ja; path = ja.lproj/Main.strings; sourceTree = "<group>"; };
		9A9EB4C8261DAAB8002CD067 /* ja */ = {isa = PBXFileReference; lastKnownFileType = text.plist.strings; name = ja; path = ja.lproj/LaunchScreen.strings; sourceTree = "<group>"; };
		9AADB2EF26170CD3002457EE /* 5000choyen-gen.app */ = {isa = PBXFileReference; explicitFileType = wrapper.application; includeInIndex = 0; path = "5000choyen-gen.app"; sourceTree = BUILT_PRODUCTS_DIR; };
		9AADB2F226170CD3002457EE /* AppDelegate.swift */ = {isa = PBXFileReference; lastKnownFileType = sourcecode.swift; path = AppDelegate.swift; sourceTree = "<group>"; };
		9AADB2F426170CD3002457EE /* SceneDelegate.swift */ = {isa = PBXFileReference; lastKnownFileType = sourcecode.swift; path = SceneDelegate.swift; sourceTree = "<group>"; };
		9AADB2F626170CD4002457EE /* ViewController.swift */ = {isa = PBXFileReference; lastKnownFileType = sourcecode.swift; path = ViewController.swift; sourceTree = "<group>"; };
		9AADB2F926170CD4002457EE /* Base */ = {isa = PBXFileReference; lastKnownFileType = file.storyboard; name = Base; path = Base.lproj/Main.storyboard; sourceTree = "<group>"; };
		9AADB2FB26170CD9002457EE /* Assets.xcassets */ = {isa = PBXFileReference; lastKnownFileType = folder.assetcatalog; path = Assets.xcassets; sourceTree = "<group>"; };
		9AADB2FE26170CDA002457EE /* Base */ = {isa = PBXFileReference; lastKnownFileType = file.storyboard; name = Base; path = Base.lproj/LaunchScreen.storyboard; sourceTree = "<group>"; };
		9AADB30026170CDA002457EE /* Info.plist */ = {isa = PBXFileReference; lastKnownFileType = text.plist.xml; path = Info.plist; sourceTree = "<group>"; };
		9AADB30526170CDA002457EE /* 5000choyen-genTests.xctest */ = {isa = PBXFileReference; explicitFileType = wrapper.cfbundle; includeInIndex = 0; path = "5000choyen-genTests.xctest"; sourceTree = BUILT_PRODUCTS_DIR; };
		9AADB30926170CDA002457EE /* _000choyen_genTests.swift */ = {isa = PBXFileReference; lastKnownFileType = sourcecode.swift; path = _000choyen_genTests.swift; sourceTree = "<group>"; };
		9AADB30B26170CDA002457EE /* Info.plist */ = {isa = PBXFileReference; lastKnownFileType = text.plist.xml; path = Info.plist; sourceTree = "<group>"; };
		9AADB31026170CDA002457EE /* 5000choyen-genUITests.xctest */ = {isa = PBXFileReference; explicitFileType = wrapper.cfbundle; includeInIndex = 0; path = "5000choyen-genUITests.xctest"; sourceTree = BUILT_PRODUCTS_DIR; };
		9AADB31426170CDA002457EE /* _000choyen_genUITests.swift */ = {isa = PBXFileReference; lastKnownFileType = sourcecode.swift; path = _000choyen_genUITests.swift; sourceTree = "<group>"; };
		9AADB31626170CDA002457EE /* Info.plist */ = {isa = PBXFileReference; lastKnownFileType = text.plist.xml; path = Info.plist; sourceTree = "<group>"; };
		9ADF425A2619BEB90090FA13 /* aboutappViewController.swift */ = {isa = PBXFileReference; lastKnownFileType = sourcecode.swift; path = aboutappViewController.swift; sourceTree = "<group>"; };
		ADEDC618284CB2CD00A1F858 /* FTLinearActivityIndicator.framework */ = {isa = PBXFileReference; explicitFileType = wrapper.framework; path = FTLinearActivityIndicator.framework; sourceTree = BUILT_PRODUCTS_DIR; };
		ADEDC61F284CB3B900A1F858 /* 5000choyen-gen.entitlements */ = {isa = PBXFileReference; lastKnownFileType = text.plist.entitlements; path = "5000choyen-gen.entitlements"; sourceTree = "<group>"; };
		B0C78E01D725F96489860D89 /* Pods-5000choyen-genTests.release.xcconfig */ = {isa = PBXFileReference; includeInIndex = 1; lastKnownFileType = text.xcconfig; name = "Pods-5000choyen-genTests.release.xcconfig"; path = "Target Support Files/Pods-5000choyen-genTests/Pods-5000choyen-genTests.release.xcconfig"; sourceTree = "<group>"; };
		E3D3C9360777CFEF6032B7D7 /* Pods-5000choyen-genTests.debug.xcconfig */ = {isa = PBXFileReference; includeInIndex = 1; lastKnownFileType = text.xcconfig; name = "Pods-5000choyen-genTests.debug.xcconfig"; path = "Target Support Files/Pods-5000choyen-genTests/Pods-5000choyen-genTests.debug.xcconfig"; sourceTree = "<group>"; };
		EA425358FB0197D2484F7DFB /* Pods-5000choyen-gen.debug.xcconfig */ = {isa = PBXFileReference; includeInIndex = 1; lastKnownFileType = text.xcconfig; name = "Pods-5000choyen-gen.debug.xcconfig"; path = "Target Support Files/Pods-5000choyen-gen/Pods-5000choyen-gen.debug.xcconfig"; sourceTree = "<group>"; };
/* End PBXFileReference section */

/* Begin PBXFrameworksBuildPhase section */
		9AADB2EC26170CD3002457EE /* Frameworks */ = {
			isa = PBXFrameworksBuildPhase;
			buildActionMask = 2147483647;
			files = (
				ADEDC61C284CB2E200A1F858 /* Pods_5000choyen_gen.framework in Frameworks */,
			);
			runOnlyForDeploymentPostprocessing = 0;
		};
		9AADB30226170CDA002457EE /* Frameworks */ = {
			isa = PBXFrameworksBuildPhase;
			buildActionMask = 2147483647;
			files = (
				F4827BBFC4A5706230E0EDC6 /* Pods_5000choyen_genTests.framework in Frameworks */,
			);
			runOnlyForDeploymentPostprocessing = 0;
		};
		9AADB30D26170CDA002457EE /* Frameworks */ = {
			isa = PBXFrameworksBuildPhase;
			buildActionMask = 2147483647;
			files = (
				95FBF586A61F1B9383D36F88 /* Pods_5000choyen_gen_5000choyen_genUITests.framework in Frameworks */,
			);
			runOnlyForDeploymentPostprocessing = 0;
		};
/* End PBXFrameworksBuildPhase section */

/* Begin PBXGroup section */
		87B4C578D71B4CEC2B852CBE /* Frameworks */ = {
			isa = PBXGroup;
			children = (
				ADEDC618284CB2CD00A1F858 /* FTLinearActivityIndicator.framework */,
				9A41F70826E3748F00BCE0EF /* FTLinearActivityIndicator.framework */,
				5598F5CEB5BE0C19046B9325 /* Pods_5000choyen_gen.framework */,
				5E400F8BD24E13CA0141901F /* Pods_5000choyen_gen_5000choyen_genUITests.framework */,
				62C01893C0EFCD8BB9146E10 /* Pods_5000choyen_genTests.framework */,
			);
			name = Frameworks;
			sourceTree = "<group>";
		};
		9A825517261B0D8C00F19E11 /* storyboards */ = {
			isa = PBXGroup;
			children = (
				9AADB2F826170CD4002457EE /* Main.storyboard */,
			);
			path = storyboards;
			sourceTree = "<group>";
		};
		9AADB2E626170CD3002457EE = {
			isa = PBXGroup;
			children = (
				9AADB2F126170CD3002457EE /* 5000choyen-gen */,
				9AADB30826170CDA002457EE /* 5000choyen-genTests */,
				9AADB31326170CDA002457EE /* 5000choyen-genUITests */,
				9AADB2F026170CD3002457EE /* Products */,
				A9DBAA2D881704F4073646FE /* Pods */,
				87B4C578D71B4CEC2B852CBE /* Frameworks */,
			);
			sourceTree = "<group>";
		};
		9AADB2F026170CD3002457EE /* Products */ = {
			isa = PBXGroup;
			children = (
				9AADB2EF26170CD3002457EE /* 5000choyen-gen.app */,
				9AADB30526170CDA002457EE /* 5000choyen-genTests.xctest */,
				9AADB31026170CDA002457EE /* 5000choyen-genUITests.xctest */,
			);
			name = Products;
			sourceTree = "<group>";
		};
		9AADB2F126170CD3002457EE /* 5000choyen-gen */ = {
			isa = PBXGroup;
			children = (
				ADEDC61F284CB3B900A1F858 /* 5000choyen-gen.entitlements */,
				9A825517261B0D8C00F19E11 /* storyboards */,
				9AADB2F226170CD3002457EE /* AppDelegate.swift */,
				9AADB2F426170CD3002457EE /* SceneDelegate.swift */,
				9AADB2F626170CD4002457EE /* ViewController.swift */,
				9ADF425A2619BEB90090FA13 /* aboutappViewController.swift */,
				9AADB2FB26170CD9002457EE /* Assets.xcassets */,
				9AADB2FD26170CDA002457EE /* LaunchScreen.storyboard */,
				9AADB30026170CDA002457EE /* Info.plist */,
			);
			path = "5000choyen-gen";
			sourceTree = "<group>";
		};
		9AADB30826170CDA002457EE /* 5000choyen-genTests */ = {
			isa = PBXGroup;
			children = (
				9AADB30926170CDA002457EE /* _000choyen_genTests.swift */,
				9AADB30B26170CDA002457EE /* Info.plist */,
			);
			path = "5000choyen-genTests";
			sourceTree = "<group>";
		};
		9AADB31326170CDA002457EE /* 5000choyen-genUITests */ = {
			isa = PBXGroup;
			children = (
				9AADB31426170CDA002457EE /* _000choyen_genUITests.swift */,
				9AADB31626170CDA002457EE /* Info.plist */,
			);
			path = "5000choyen-genUITests";
			sourceTree = "<group>";
		};
		A9DBAA2D881704F4073646FE /* Pods */ = {
			isa = PBXGroup;
			children = (
				EA425358FB0197D2484F7DFB /* Pods-5000choyen-gen.debug.xcconfig */,
				63B91EDFA2BE47294C27F0B8 /* Pods-5000choyen-gen.release.xcconfig */,
				6E257577E9BA8FD246E0BE2F /* Pods-5000choyen-gen-5000choyen-genUITests.debug.xcconfig */,
				0D2D10F4E8BC2E0DEC3DF1DC /* Pods-5000choyen-gen-5000choyen-genUITests.release.xcconfig */,
				E3D3C9360777CFEF6032B7D7 /* Pods-5000choyen-genTests.debug.xcconfig */,
				B0C78E01D725F96489860D89 /* Pods-5000choyen-genTests.release.xcconfig */,
			);
			path = Pods;
			sourceTree = "<group>";
		};
/* End PBXGroup section */

/* Begin PBXNativeTarget section */
		9AADB2EE26170CD3002457EE /* 5000choyen-gen */ = {
			isa = PBXNativeTarget;
			buildConfigurationList = 9AADB31926170CDA002457EE /* Build configuration list for PBXNativeTarget "5000choyen-gen" */;
			buildPhases = (
				63B0BC35ECDFE5E91818AD4A /* [CP] Check Pods Manifest.lock */,
				9AADB2EB26170CD3002457EE /* Sources */,
				9AADB2EC26170CD3002457EE /* Frameworks */,
				9AADB2ED26170CD3002457EE /* Resources */,
				ECACDD458CC50D4C6DB56797 /* [CP] Embed Pods Frameworks */,
			);
			buildRules = (
			);
			dependencies = (
			);
			name = "5000choyen-gen";
			productName = "5000choyen-gen";
			productReference = 9AADB2EF26170CD3002457EE /* 5000choyen-gen.app */;
			productType = "com.apple.product-type.application";
		};
		9AADB30426170CDA002457EE /* 5000choyen-genTests */ = {
			isa = PBXNativeTarget;
			buildConfigurationList = 9AADB31C26170CDA002457EE /* Build configuration list for PBXNativeTarget "5000choyen-genTests" */;
			buildPhases = (
				61492396341631EDF06CDFE7 /* [CP] Check Pods Manifest.lock */,
				9AADB30126170CDA002457EE /* Sources */,
				9AADB30226170CDA002457EE /* Frameworks */,
				9AADB30326170CDA002457EE /* Resources */,
			);
			buildRules = (
			);
			dependencies = (
				9AADB30726170CDA002457EE /* PBXTargetDependency */,
			);
			name = "5000choyen-genTests";
			productName = "5000choyen-genTests";
			productReference = 9AADB30526170CDA002457EE /* 5000choyen-genTests.xctest */;
			productType = "com.apple.product-type.bundle.unit-test";
		};
		9AADB30F26170CDA002457EE /* 5000choyen-genUITests */ = {
			isa = PBXNativeTarget;
			buildConfigurationList = 9AADB31F26170CDA002457EE /* Build configuration list for PBXNativeTarget "5000choyen-genUITests" */;
			buildPhases = (
				2BD824CF8E87210F248D7747 /* [CP] Check Pods Manifest.lock */,
				9AADB30C26170CDA002457EE /* Sources */,
				9AADB30D26170CDA002457EE /* Frameworks */,
				9AADB30E26170CDA002457EE /* Resources */,
				6D8767911069C96FC9D0513E /* [CP] Embed Pods Frameworks */,
			);
			buildRules = (
			);
			dependencies = (
				9AADB31226170CDA002457EE /* PBXTargetDependency */,
			);
			name = "5000choyen-genUITests";
			productName = "5000choyen-genUITests";
			productReference = 9AADB31026170CDA002457EE /* 5000choyen-genUITests.xctest */;
			productType = "com.apple.product-type.bundle.ui-testing";
		};
/* End PBXNativeTarget section */

/* Begin PBXProject section */
		9AADB2E726170CD3002457EE /* Project object */ = {
			isa = PBXProject;
			attributes = {
				LastSwiftUpdateCheck = 1230;
				LastUpgradeCheck = 1230;
				TargetAttributes = {
					9AADB2EE26170CD3002457EE = {
						CreatedOnToolsVersion = 12.3;
					};
					9AADB30426170CDA002457EE = {
						CreatedOnToolsVersion = 12.3;
						TestTargetID = 9AADB2EE26170CD3002457EE;
					};
					9AADB30F26170CDA002457EE = {
						CreatedOnToolsVersion = 12.3;
						TestTargetID = 9AADB2EE26170CD3002457EE;
					};
				};
			};
			buildConfigurationList = 9AADB2EA26170CD3002457EE /* Build configuration list for PBXProject "5000choyen-gen" */;
			compatibilityVersion = "Xcode 9.3";
			developmentRegion = en;
			hasScannedForEncodings = 0;
			knownRegions = (
				en,
				Base,
				ja,
			);
			mainGroup = 9AADB2E626170CD3002457EE;
			productRefGroup = 9AADB2F026170CD3002457EE /* Products */;
			projectDirPath = "";
			projectRoot = "";
			targets = (
				9AADB2EE26170CD3002457EE /* 5000choyen-gen */,
				9AADB30426170CDA002457EE /* 5000choyen-genTests */,
				9AADB30F26170CDA002457EE /* 5000choyen-genUITests */,
			);
		};
/* End PBXProject section */

/* Begin PBXResourcesBuildPhase section */
		9AADB2ED26170CD3002457EE /* Resources */ = {
			isa = PBXResourcesBuildPhase;
			buildActionMask = 2147483647;
			files = (
				9AADB2FF26170CDA002457EE /* LaunchScreen.storyboard in Resources */,
				9AADB2FC26170CD9002457EE /* Assets.xcassets in Resources */,
				9AADB2FA26170CD4002457EE /* Main.storyboard in Resources */,
			);
			runOnlyForDeploymentPostprocessing = 0;
		};
		9AADB30326170CDA002457EE /* Resources */ = {
			isa = PBXResourcesBuildPhase;
			buildActionMask = 2147483647;
			files = (
			);
			runOnlyForDeploymentPostprocessing = 0;
		};
		9AADB30E26170CDA002457EE /* Resources */ = {
			isa = PBXResourcesBuildPhase;
			buildActionMask = 2147483647;
			files = (
			);
			runOnlyForDeploymentPostprocessing = 0;
		};
/* End PBXResourcesBuildPhase section */

/* Begin PBXShellScriptBuildPhase section */
		2BD824CF8E87210F248D7747 /* [CP] Check Pods Manifest.lock */ = {
			isa = PBXShellScriptBuildPhase;
			buildActionMask = 2147483647;
			files = (
			);
			inputFileListPaths = (
			);
			inputPaths = (
				"${PODS_PODFILE_DIR_PATH}/Podfile.lock",
				"${PODS_ROOT}/Manifest.lock",
			);
			name = "[CP] Check Pods Manifest.lock";
			outputFileListPaths = (
			);
			outputPaths = (
				"$(DERIVED_FILE_DIR)/Pods-5000choyen-gen-5000choyen-genUITests-checkManifestLockResult.txt",
			);
			runOnlyForDeploymentPostprocessing = 0;
			shellPath = /bin/sh;
			shellScript = "diff \"${PODS_PODFILE_DIR_PATH}/Podfile.lock\" \"${PODS_ROOT}/Manifest.lock\" > /dev/null\nif [ $? != 0 ] ; then\n    # print error to STDERR\n    echo \"error: The sandbox is not in sync with the Podfile.lock. Run 'pod install' or update your CocoaPods installation.\" >&2\n    exit 1\nfi\n# This output is used by Xcode 'outputs' to avoid re-running this script phase.\necho \"SUCCESS\" > \"${SCRIPT_OUTPUT_FILE_0}\"\n";
			showEnvVarsInLog = 0;
		};
		61492396341631EDF06CDFE7 /* [CP] Check Pods Manifest.lock */ = {
			isa = PBXShellScriptBuildPhase;
			buildActionMask = 2147483647;
			files = (
			);
			inputFileListPaths = (
			);
			inputPaths = (
				"${PODS_PODFILE_DIR_PATH}/Podfile.lock",
				"${PODS_ROOT}/Manifest.lock",
			);
			name = "[CP] Check Pods Manifest.lock";
			outputFileListPaths = (
			);
			outputPaths = (
				"$(DERIVED_FILE_DIR)/Pods-5000choyen-genTests-checkManifestLockResult.txt",
			);
			runOnlyForDeploymentPostprocessing = 0;
			shellPath = /bin/sh;
			shellScript = "diff \"${PODS_PODFILE_DIR_PATH}/Podfile.lock\" \"${PODS_ROOT}/Manifest.lock\" > /dev/null\nif [ $? != 0 ] ; then\n    # print error to STDERR\n    echo \"error: The sandbox is not in sync with the Podfile.lock. Run 'pod install' or update your CocoaPods installation.\" >&2\n    exit 1\nfi\n# This output is used by Xcode 'outputs' to avoid re-running this script phase.\necho \"SUCCESS\" > \"${SCRIPT_OUTPUT_FILE_0}\"\n";
			showEnvVarsInLog = 0;
		};
		63B0BC35ECDFE5E91818AD4A /* [CP] Check Pods Manifest.lock */ = {
			isa = PBXShellScriptBuildPhase;
			buildActionMask = 2147483647;
			files = (
			);
			inputFileListPaths = (
			);
			inputPaths = (
				"${PODS_PODFILE_DIR_PATH}/Podfile.lock",
				"${PODS_ROOT}/Manifest.lock",
			);
			name = "[CP] Check Pods Manifest.lock";
			outputFileListPaths = (
			);
			outputPaths = (
				"$(DERIVED_FILE_DIR)/Pods-5000choyen-gen-checkManifestLockResult.txt",
			);
			runOnlyForDeploymentPostprocessing = 0;
			shellPath = /bin/sh;
			shellScript = "diff \"${PODS_PODFILE_DIR_PATH}/Podfile.lock\" \"${PODS_ROOT}/Manifest.lock\" > /dev/null\nif [ $? != 0 ] ; then\n    # print error to STDERR\n    echo \"error: The sandbox is not in sync with the Podfile.lock. Run 'pod install' or update your CocoaPods installation.\" >&2\n    exit 1\nfi\n# This output is used by Xcode 'outputs' to avoid re-running this script phase.\necho \"SUCCESS\" > \"${SCRIPT_OUTPUT_FILE_0}\"\n";
			showEnvVarsInLog = 0;
		};
		6D8767911069C96FC9D0513E /* [CP] Embed Pods Frameworks */ = {
			isa = PBXShellScriptBuildPhase;
			buildActionMask = 2147483647;
			files = (
			);
			inputFileListPaths = (
				"${PODS_ROOT}/Target Support Files/Pods-5000choyen-gen-5000choyen-genUITests/Pods-5000choyen-gen-5000choyen-genUITests-frameworks-${CONFIGURATION}-input-files.xcfilelist",
			);
			name = "[CP] Embed Pods Frameworks";
			outputFileListPaths = (
				"${PODS_ROOT}/Target Support Files/Pods-5000choyen-gen-5000choyen-genUITests/Pods-5000choyen-gen-5000choyen-genUITests-frameworks-${CONFIGURATION}-output-files.xcfilelist",
			);
			runOnlyForDeploymentPostprocessing = 0;
			shellPath = /bin/sh;
			shellScript = "\"${PODS_ROOT}/Target Support Files/Pods-5000choyen-gen-5000choyen-genUITests/Pods-5000choyen-gen-5000choyen-genUITests-frameworks.sh\"\n";
			showEnvVarsInLog = 0;
		};
		ECACDD458CC50D4C6DB56797 /* [CP] Embed Pods Frameworks */ = {
			isa = PBXShellScriptBuildPhase;
			buildActionMask = 2147483647;
			files = (
			);
			inputFileListPaths = (
				"${PODS_ROOT}/Target Support Files/Pods-5000choyen-gen/Pods-5000choyen-gen-frameworks-${CONFIGURATION}-input-files.xcfilelist",
			);
			name = "[CP] Embed Pods Frameworks";
			outputFileListPaths = (
				"${PODS_ROOT}/Target Support Files/Pods-5000choyen-gen/Pods-5000choyen-gen-frameworks-${CONFIGURATION}-output-files.xcfilelist",
			);
			runOnlyForDeploymentPostprocessing = 0;
			shellPath = /bin/sh;
			shellScript = "\"${PODS_ROOT}/Target Support Files/Pods-5000choyen-gen/Pods-5000choyen-gen-frameworks.sh\"\n";
			showEnvVarsInLog = 0;
		};
/* End PBXShellScriptBuildPhase section */

/* Begin PBXSourcesBuildPhase section */
		9AADB2EB26170CD3002457EE /* Sources */ = {
			isa = PBXSourcesBuildPhase;
			buildActionMask = 2147483647;
			files = (
				9AADB2F726170CD4002457EE /* ViewController.swift in Sources */,
				9AADB2F326170CD3002457EE /* AppDelegate.swift in Sources */,
				9ADF425B2619BEB90090FA13 /* aboutappViewController.swift in Sources */,
				9AADB2F526170CD3002457EE /* SceneDelegate.swift in Sources */,
			);
			runOnlyForDeploymentPostprocessing = 0;
		};
		9AADB30126170CDA002457EE /* Sources */ = {
			isa = PBXSourcesBuildPhase;
			buildActionMask = 2147483647;
			files = (
				9AADB30A26170CDA002457EE /* _000choyen_genTests.swift in Sources */,
			);
			runOnlyForDeploymentPostprocessing = 0;
		};
		9AADB30C26170CDA002457EE /* Sources */ = {
			isa = PBXSourcesBuildPhase;
			buildActionMask = 2147483647;
			files = (
				9AADB31526170CDA002457EE /* _000choyen_genUITests.swift in Sources */,
			);
			runOnlyForDeploymentPostprocessing = 0;
		};
/* End PBXSourcesBuildPhase section */

/* Begin PBXTargetDependency section */
		9AADB30726170CDA002457EE /* PBXTargetDependency */ = {
			isa = PBXTargetDependency;
			target = 9AADB2EE26170CD3002457EE /* 5000choyen-gen */;
			targetProxy = 9AADB30626170CDA002457EE /* PBXContainerItemProxy */;
		};
		9AADB31226170CDA002457EE /* PBXTargetDependency */ = {
			isa = PBXTargetDependency;
			target = 9AADB2EE26170CD3002457EE /* 5000choyen-gen */;
			targetProxy = 9AADB31126170CDA002457EE /* PBXContainerItemProxy */;
		};
/* End PBXTargetDependency section */

/* Begin PBXVariantGroup section */
		9AADB2F826170CD4002457EE /* Main.storyboard */ = {
			isa = PBXVariantGroup;
			children = (
				9AADB2F926170CD4002457EE /* Base */,
				9A9EB4C7261DAAB5002CD067 /* ja */,
			);
			name = Main.storyboard;
			sourceTree = "<group>";
		};
		9AADB2FD26170CDA002457EE /* LaunchScreen.storyboard */ = {
			isa = PBXVariantGroup;
			children = (
				9AADB2FE26170CDA002457EE /* Base */,
				9A9EB4C8261DAAB8002CD067 /* ja */,
			);
			name = LaunchScreen.storyboard;
			sourceTree = "<group>";
		};
/* End PBXVariantGroup section */

/* Begin XCBuildConfiguration section */
		9AADB31726170CDA002457EE /* Debug */ = {
			isa = XCBuildConfiguration;
			buildSettings = {
				ALWAYS_SEARCH_USER_PATHS = NO;
				CLANG_ANALYZER_LOCALIZABILITY_NONLOCALIZED = YES;
				CLANG_ANALYZER_NONNULL = YES;
				CLANG_ANALYZER_NUMBER_OBJECT_CONVERSION = YES_AGGRESSIVE;
				CLANG_CXX_LANGUAGE_STANDARD = "gnu++14";
				CLANG_CXX_LIBRARY = "libc++";
				CLANG_ENABLE_MODULES = YES;
				CLANG_ENABLE_OBJC_ARC = YES;
				CLANG_ENABLE_OBJC_WEAK = YES;
				CLANG_WARN_BLOCK_CAPTURE_AUTORELEASING = YES;
				CLANG_WARN_BOOL_CONVERSION = YES;
				CLANG_WARN_COMMA = YES;
				CLANG_WARN_CONSTANT_CONVERSION = YES;
				CLANG_WARN_DEPRECATED_OBJC_IMPLEMENTATIONS = YES;
				CLANG_WARN_DIRECT_OBJC_ISA_USAGE = YES_ERROR;
				CLANG_WARN_DOCUMENTATION_COMMENTS = YES;
				CLANG_WARN_EMPTY_BODY = YES;
				CLANG_WARN_ENUM_CONVERSION = YES;
				CLANG_WARN_INFINITE_RECURSION = YES;
				CLANG_WARN_INT_CONVERSION = YES;
				CLANG_WARN_NON_LITERAL_NULL_CONVERSION = YES;
				CLANG_WARN_OBJC_IMPLICIT_RETAIN_SELF = YES;
				CLANG_WARN_OBJC_LITERAL_CONVERSION = YES;
				CLANG_WARN_OBJC_ROOT_CLASS = YES_ERROR;
				CLANG_WARN_QUOTED_INCLUDE_IN_FRAMEWORK_HEADER = YES;
				CLANG_WARN_RANGE_LOOP_ANALYSIS = YES;
				CLANG_WARN_STRICT_PROTOTYPES = YES;
				CLANG_WARN_SUSPICIOUS_MOVE = YES;
				CLANG_WARN_UNGUARDED_AVAILABILITY = YES_AGGRESSIVE;
				CLANG_WARN_UNREACHABLE_CODE = YES;
				CLANG_WARN__DUPLICATE_METHOD_MATCH = YES;
				COPY_PHASE_STRIP = NO;
				DEBUG_INFORMATION_FORMAT = dwarf;
				ENABLE_STRICT_OBJC_MSGSEND = YES;
				ENABLE_TESTABILITY = YES;
				GCC_C_LANGUAGE_STANDARD = gnu11;
				GCC_DYNAMIC_NO_PIC = NO;
				GCC_NO_COMMON_BLOCKS = YES;
				GCC_OPTIMIZATION_LEVEL = 0;
				GCC_PREPROCESSOR_DEFINITIONS = (
					"DEBUG=1",
					"$(inherited)",
				);
				GCC_WARN_64_TO_32_BIT_CONVERSION = YES;
				GCC_WARN_ABOUT_RETURN_TYPE = YES_ERROR;
				GCC_WARN_UNDECLARED_SELECTOR = YES;
				GCC_WARN_UNINITIALIZED_AUTOS = YES_AGGRESSIVE;
				GCC_WARN_UNUSED_FUNCTION = YES;
				GCC_WARN_UNUSED_VARIABLE = YES;
				IPHONEOS_DEPLOYMENT_TARGET = 14.3;
				MTL_ENABLE_DEBUG_INFO = INCLUDE_SOURCE;
				MTL_FAST_MATH = YES;
				ONLY_ACTIVE_ARCH = YES;
				SDKROOT = iphoneos;
				SWIFT_ACTIVE_COMPILATION_CONDITIONS = DEBUG;
				SWIFT_OPTIMIZATION_LEVEL = "-Onone";
			};
			name = Debug;
		};
		9AADB31826170CDA002457EE /* Release */ = {
			isa = XCBuildConfiguration;
			buildSettings = {
				ALWAYS_SEARCH_USER_PATHS = NO;
				CLANG_ANALYZER_LOCALIZABILITY_NONLOCALIZED = YES;
				CLANG_ANALYZER_NONNULL = YES;
				CLANG_ANALYZER_NUMBER_OBJECT_CONVERSION = YES_AGGRESSIVE;
				CLANG_CXX_LANGUAGE_STANDARD = "gnu++14";
				CLANG_CXX_LIBRARY = "libc++";
				CLANG_ENABLE_MODULES = YES;
				CLANG_ENABLE_OBJC_ARC = YES;
				CLANG_ENABLE_OBJC_WEAK = YES;
				CLANG_WARN_BLOCK_CAPTURE_AUTORELEASING = YES;
				CLANG_WARN_BOOL_CONVERSION = YES;
				CLANG_WARN_COMMA = YES;
				CLANG_WARN_CONSTANT_CONVERSION = YES;
				CLANG_WARN_DEPRECATED_OBJC_IMPLEMENTATIONS = YES;
				CLANG_WARN_DIRECT_OBJC_ISA_USAGE = YES_ERROR;
				CLANG_WARN_DOCUMENTATION_COMMENTS = YES;
				CLANG_WARN_EMPTY_BODY = YES;
				CLANG_WARN_ENUM_CONVERSION = YES;
				CLANG_WARN_INFINITE_RECURSION = YES;
				CLANG_WARN_INT_CONVERSION = YES;
				CLANG_WARN_NON_LITERAL_NULL_CONVERSION = YES;
				CLANG_WARN_OBJC_IMPLICIT_RETAIN_SELF = YES;
				CLANG_WARN_OBJC_LITERAL_CONVERSION = YES;
				CLANG_WARN_OBJC_ROOT_CLASS = YES_ERROR;
				CLANG_WARN_QUOTED_INCLUDE_IN_FRAMEWORK_HEADER = YES;
				CLANG_WARN_RANGE_LOOP_ANALYSIS = YES;
				CLANG_WARN_STRICT_PROTOTYPES = YES;
				CLANG_WARN_SUSPICIOUS_MOVE = YES;
				CLANG_WARN_UNGUARDED_AVAILABILITY = YES_AGGRESSIVE;
				CLANG_WARN_UNREACHABLE_CODE = YES;
				CLANG_WARN__DUPLICATE_METHOD_MATCH = YES;
				COPY_PHASE_STRIP = NO;
				DEBUG_INFORMATION_FORMAT = "dwarf-with-dsym";
				ENABLE_NS_ASSERTIONS = NO;
				ENABLE_STRICT_OBJC_MSGSEND = YES;
				GCC_C_LANGUAGE_STANDARD = gnu11;
				GCC_NO_COMMON_BLOCKS = YES;
				GCC_WARN_64_TO_32_BIT_CONVERSION = YES;
				GCC_WARN_ABOUT_RETURN_TYPE = YES_ERROR;
				GCC_WARN_UNDECLARED_SELECTOR = YES;
				GCC_WARN_UNINITIALIZED_AUTOS = YES_AGGRESSIVE;
				GCC_WARN_UNUSED_FUNCTION = YES;
				GCC_WARN_UNUSED_VARIABLE = YES;
				IPHONEOS_DEPLOYMENT_TARGET = 14.3;
				MTL_ENABLE_DEBUG_INFO = NO;
				MTL_FAST_MATH = YES;
				SDKROOT = iphoneos;
				SWIFT_COMPILATION_MODE = wholemodule;
				SWIFT_OPTIMIZATION_LEVEL = "-O";
				VALIDATE_PRODUCT = YES;
			};
			name = Release;
		};
		9AADB31A26170CDA002457EE /* Debug */ = {
			isa = XCBuildConfiguration;
			baseConfigurationReference = EA425358FB0197D2484F7DFB /* Pods-5000choyen-gen.debug.xcconfig */;
			buildSettings = {
				ASSETCATALOG_COMPILER_APPICON_NAME = AppIcon;
				ASSETCATALOG_COMPILER_GLOBAL_ACCENT_COLOR_NAME = AccentColor;
				CODE_SIGN_ENTITLEMENTS = "5000choyen-gen/5000choyen-gen.entitlements";
				CODE_SIGN_IDENTITY = "iPhone Developer";
				CODE_SIGN_STYLE = Manual;
				DEVELOPMENT_TEAM = 4XKKKM86RN;
				INFOPLIST_FILE = "5000choyen-gen/Info.plist";
				IPHONEOS_DEPLOYMENT_TARGET = 12.3;
				LD_RUNPATH_SEARCH_PATHS = (
					"$(inherited)",
					"@executable_path/Frameworks",
				);
				MARKETING_VERSION = 1.3.0;
				PRODUCT_BUNDLE_IDENTIFIER = net.nerrog.gosenchoyen;
				PRODUCT_NAME = "$(TARGET_NAME)";
				PROVISIONING_PROFILE_SPECIFIER = "nerrog dev";
				SUPPORTS_MACCATALYST = NO;
				SWIFT_VERSION = 5.0;
				TARGETED_DEVICE_FAMILY = "1,2";
			};
			name = Debug;
		};
		9AADB31B26170CDA002457EE /* Release */ = {
			isa = XCBuildConfiguration;
			baseConfigurationReference = 63B91EDFA2BE47294C27F0B8 /* Pods-5000choyen-gen.release.xcconfig */;
			buildSettings = {
				ASSETCATALOG_COMPILER_APPICON_NAME = AppIcon;
				ASSETCATALOG_COMPILER_GLOBAL_ACCENT_COLOR_NAME = AccentColor;
				CODE_SIGN_ENTITLEMENTS = "5000choyen-gen/5000choyen-gen.entitlements";
				CODE_SIGN_IDENTITY = "iPhone Distribution";
				CODE_SIGN_STYLE = Manual;
				DEVELOPMENT_TEAM = 4XKKKM86RN;
				INFOPLIST_FILE = "5000choyen-gen/Info.plist";
				IPHONEOS_DEPLOYMENT_TARGET = 12.3;
				LD_RUNPATH_SEARCH_PATHS = (
					"$(inherited)",
					"@executable_path/Frameworks",
				);
				MARKETING_VERSION = 1.3.0;
				PRODUCT_BUNDLE_IDENTIFIER = net.nerrog.gosenchoyen;
				PRODUCT_NAME = "$(TARGET_NAME)";
				PROVISIONING_PROFILE_SPECIFIER = "nerrog Store";
				SUPPORTS_MACCATALYST = NO;
				SWIFT_VERSION = 5.0;
				TARGETED_DEVICE_FAMILY = "1,2";
			};
			name = Release;
		};
		9AADB31D26170CDA002457EE /* Debug */ = {
			isa = XCBuildConfiguration;
			baseConfigurationReference = E3D3C9360777CFEF6032B7D7 /* Pods-5000choyen-genTests.debug.xcconfig */;
			buildSettings = {
				ALWAYS_EMBED_SWIFT_STANDARD_LIBRARIES = YES;
				BUNDLE_LOADER = "$(TEST_HOST)";
				CODE_SIGN_STYLE = Automatic;
				DEVELOPMENT_TEAM = K7CRSR2JY3;
				INFOPLIST_FILE = "5000choyen-genTests/Info.plist";
				IPHONEOS_DEPLOYMENT_TARGET = 14.3;
				LD_RUNPATH_SEARCH_PATHS = (
					"$(inherited)",
					"@executable_path/Frameworks",
					"@loader_path/Frameworks",
				);
				PRODUCT_BUNDLE_IDENTIFIER = "net.nerrog.5000choyen-gen.-000choyen-genTests";
				PRODUCT_NAME = "$(TARGET_NAME)";
				SWIFT_VERSION = 5.0;
				TARGETED_DEVICE_FAMILY = "1,2";
				TEST_HOST = "$(BUILT_PRODUCTS_DIR)/5000choyen-gen.app/5000choyen-gen";
			};
			name = Debug;
		};
		9AADB31E26170CDA002457EE /* Release */ = {
			isa = XCBuildConfiguration;
			baseConfigurationReference = B0C78E01D725F96489860D89 /* Pods-5000choyen-genTests.release.xcconfig */;
			buildSettings = {
				ALWAYS_EMBED_SWIFT_STANDARD_LIBRARIES = YES;
				BUNDLE_LOADER = "$(TEST_HOST)";
				CODE_SIGN_STYLE = Automatic;
				DEVELOPMENT_TEAM = K7CRSR2JY3;
				INFOPLIST_FILE = "5000choyen-genTests/Info.plist";
				IPHONEOS_DEPLOYMENT_TARGET = 14.3;
				LD_RUNPATH_SEARCH_PATHS = (
					"$(inherited)",
					"@executable_path/Frameworks",
					"@loader_path/Frameworks",
				);
				PRODUCT_BUNDLE_IDENTIFIER = "net.nerrog.5000choyen-gen.-000choyen-genTests";
				PRODUCT_NAME = "$(TARGET_NAME)";
				SWIFT_VERSION = 5.0;
				TARGETED_DEVICE_FAMILY = "1,2";
				TEST_HOST = "$(BUILT_PRODUCTS_DIR)/5000choyen-gen.app/5000choyen-gen";
			};
			name = Release;
		};
		9AADB32026170CDA002457EE /* Debug */ = {
			isa = XCBuildConfiguration;
			baseConfigurationReference = 6E257577E9BA8FD246E0BE2F /* Pods-5000choyen-gen-5000choyen-genUITests.debug.xcconfig */;
			buildSettings = {
				ALWAYS_EMBED_SWIFT_STANDARD_LIBRARIES = YES;
				CODE_SIGN_STYLE = Automatic;
				DEVELOPMENT_TEAM = K7CRSR2JY3;
				INFOPLIST_FILE = "5000choyen-genUITests/Info.plist";
				LD_RUNPATH_SEARCH_PATHS = (
					"$(inherited)",
					"@executable_path/Frameworks",
					"@loader_path/Frameworks",
				);
				PRODUCT_BUNDLE_IDENTIFIER = "net.nerrog.5000choyen-gen.-000choyen-genUITests";
				PRODUCT_NAME = "$(TARGET_NAME)";
				SWIFT_VERSION = 5.0;
				TARGETED_DEVICE_FAMILY = "1,2";
				TEST_TARGET_NAME = "5000choyen-gen";
			};
			name = Debug;
		};
		9AADB32126170CDA002457EE /* Release */ = {
			isa = XCBuildConfiguration;
			baseConfigurationReference = 0D2D10F4E8BC2E0DEC3DF1DC /* Pods-5000choyen-gen-5000choyen-genUITests.release.xcconfig */;
			buildSettings = {
				ALWAYS_EMBED_SWIFT_STANDARD_LIBRARIES = YES;
				CODE_SIGN_STYLE = Automatic;
				DEVELOPMENT_TEAM = K7CRSR2JY3;
				INFOPLIST_FILE = "5000choyen-genUITests/Info.plist";
				LD_RUNPATH_SEARCH_PATHS = (
					"$(inherited)",
					"@executable_path/Frameworks",
					"@loader_path/Frameworks",
				);
				PRODUCT_BUNDLE_IDENTIFIER = "net.nerrog.5000choyen-gen.-000choyen-genUITests";
				PRODUCT_NAME = "$(TARGET_NAME)";
				SWIFT_VERSION = 5.0;
				TARGETED_DEVICE_FAMILY = "1,2";
				TEST_TARGET_NAME = "5000choyen-gen";
			};
			name = Release;
		};
/* End XCBuildConfiguration section */

/* Begin XCConfigurationList section */
		9AADB2EA26170CD3002457EE /* Build configuration list for PBXProject "5000choyen-gen" */ = {
			isa = XCConfigurationList;
			buildConfigurations = (
				9AADB31726170CDA002457EE /* Debug */,
				9AADB31826170CDA002457EE /* Release */,
			);
			defaultConfigurationIsVisible = 0;
			defaultConfigurationName = Release;
		};
		9AADB31926170CDA002457EE /* Build configuration list for PBXNativeTarget "5000choyen-gen" */ = {
			isa = XCConfigurationList;
			buildConfigurations = (
				9AADB31A26170CDA002457EE /* Debug */,
				9AADB31B26170CDA002457EE /* Release */,
			);
			defaultConfigurationIsVisible = 0;
			defaultConfigurationName = Release;
		};
		9AADB31C26170CDA002457EE /* Build configuration list for PBXNativeTarget "5000choyen-genTests" */ = {
			isa = XCConfigurationList;
			buildConfigurations = (
				9AADB31D26170CDA002457EE /* Debug */,
				9AADB31E26170CDA002457EE /* Release */,
			);
			defaultConfigurationIsVisible = 0;
			defaultConfigurationName = Release;
		};
		9AADB31F26170CDA002457EE /* Build configuration list for PBXNativeTarget "5000choyen-genUITests" */ = {
			isa = XCConfigurationList;
			buildConfigurations = (
				9AADB32026170CDA002457EE /* Debug */,
				9AADB32126170CDA002457EE /* Release */,
			);
			defaultConfigurationIsVisible = 0;
			defaultConfigurationName = Release;
		};
/* End XCConfigurationList section */
	};
	rootObject = 9AADB2E726170CD3002457EE /* Project object */;
}
